
Microsoft Visual Studio Solution File, Format Version 12.00
# Visual Studio Version 17
VisualStudioVersion = 17.0.32112.339
MinimumVisualStudioVersion = 10.0.40219.1
Project("{FAE04EC0-301F-11D3-BF4B-00C04F79EFBC}") = "SwapiApp", "SwapiApp\SwapiApp.csproj", "{2814F031-3B55-4893-8DFB-B1C15410645F}"
EndProject
Project("{FAE04EC0-301F-11D3-BF4B-00C04F79EFBC}") = "SwapiApp.Test", "SwapiApp.Test\SwapiApp.Test.csproj", "{9B51A82B-61E3-49E5-B87D-C52EAC292E0D}"
EndProject
Global
	GlobalSection(SolutionConfigurationPlatforms) = preSolution
		Debug|Any CPU = Debug|Any CPU
		Release|Any CPU = Release|Any CPU
	EndGlobalSection
	GlobalSection(ProjectConfigurationPlatforms) = postSolution
		{2814F031-3B55-4893-8DFB-B1C15410645F}.Debug|Any CPU.ActiveCfg = Debug|Any CPU
		{2814F031-3B55-4893-8DFB-B1C15410645F}.Debug|Any CPU.Build.0 = Debug|Any CPU
		{2814F031-3B55-4893-8DFB-B1C15410645F}.Release|Any CPU.ActiveCfg = Release|Any CPU
		{2814F031-3B55-4893-8DFB-B1C15410645F}.Release|Any CPU.Build.0 = Release|Any CPU
		{9B51A82B-61E3-49E5-B87D-C52EAC292E0D}.Debug|Any CPU.ActiveCfg = Debug|Any CPU
		{9B51A82B-61E3-49E5-B87D-C52EAC292E0D}.Debug|Any CPU.Build.0 = Debug|Any CPU
		{9B51A82B-61E3-49E5-B87D-C52EAC292E0D}.Release|Any CPU.ActiveCfg = Release|Any CPU
		{9B51A82B-61E3-49E5-B87D-C52EAC292E0D}.Release|Any CPU.Build.0 = Release|Any CPU
	EndGlobalSection
	GlobalSection(SolutionProperties) = preSolution
		HideSolutionNode = FALSE
	EndGlobalSection
	GlobalSection(ExtensibilityGlobals) = postSolution
		SolutionGuid = {26A23113-28EE-486B-BC78-61F1870968D3}
	EndGlobalSection
EndGlobal
